
Microsoft Visual Studio Solution File, Format Version 12.00
# Visual Studio 15
VisualStudioVersion = 15.0.27703.2018
MinimumVisualStudioVersion = 10.0.40219.1
Project("{FAE04EC0-301F-11D3-BF4B-00C04F79EFBC}") = "ApplicationGraphique", "ApplicationGraphique.csproj", "{35A65956-E4C5-4A14-B82C-D8DD260F3F60}"
	ProjectSection(ProjectDependencies) = postProject
		{D740260E-9777-4348-9BBC-D852B96BE11A} = {D740260E-9777-4348-9BBC-D852B96BE11A}
	EndProjectSection
EndProject
Project("{FAE04EC0-301F-11D3-BF4B-00C04F79EFBC}") = "Galerie", "..\Galerie\Galerie.csproj", "{35FF949F-25C8-4CE0-9E11-7DBADDC09B3A}"
EndProject
Project("{FAE04EC0-301F-11D3-BF4B-00C04F79EFBC}") = "ConsoleMain", "..\ConsoleMain\ConsoleMain.csproj", "{3988E1A2-35DC-4BC1-A054-3573F0363323}"
	ProjectSection(ProjectDependencies) = postProject
		{D740260E-9777-4348-9BBC-D852B96BE11A} = {D740260E-9777-4348-9BBC-D852B96BE11A}
	EndProjectSection
EndProject
Project("{FAE04EC0-301F-11D3-BF4B-00C04F79EFBC}") = "Data", "..\Data\Data.csproj", "{D740260E-9777-4348-9BBC-D852B96BE11A}"
EndProject
Global
	GlobalSection(SolutionConfigurationPlatforms) = preSolution
		Debug|Any CPU = Debug|Any CPU
		Release|Any CPU = Release|Any CPU
	EndGlobalSection
	GlobalSection(ProjectConfigurationPlatforms) = postSolution
		{35A65956-E4C5-4A14-B82C-D8DD260F3F60}.Debug|Any CPU.ActiveCfg = Debug|Any CPU
		{35A65956-E4C5-4A14-B82C-D8DD260F3F60}.Debug|Any CPU.Build.0 = Debug|Any CPU
		{35A65956-E4C5-4A14-B82C-D8DD260F3F60}.Release|Any CPU.ActiveCfg = Release|Any CPU
		{35A65956-E4C5-4A14-B82C-D8DD260F3F60}.Release|Any CPU.Build.0 = Release|Any CPU
		{35FF949F-25C8-4CE0-9E11-7DBADDC09B3A}.Debug|Any CPU.ActiveCfg = Debug|Any CPU
		{35FF949F-25C8-4CE0-9E11-7DBADDC09B3A}.Debug|Any CPU.Build.0 = Debug|Any CPU
		{35FF949F-25C8-4CE0-9E11-7DBADDC09B3A}.Release|Any CPU.ActiveCfg = Release|Any CPU
		{35FF949F-25C8-4CE0-9E11-7DBADDC09B3A}.Release|Any CPU.Build.0 = Release|Any CPU
		{3988E1A2-35DC-4BC1-A054-3573F0363323}.Debug|Any CPU.ActiveCfg = Debug|Any CPU
		{3988E1A2-35DC-4BC1-A054-3573F0363323}.Debug|Any CPU.Build.0 = Debug|Any CPU
		{3988E1A2-35DC-4BC1-A054-3573F0363323}.Release|Any CPU.ActiveCfg = Release|Any CPU
		{3988E1A2-35DC-4BC1-A054-3573F0363323}.Release|Any CPU.Build.0 = Release|Any CPU
		{D740260E-9777-4348-9BBC-D852B96BE11A}.Debug|Any CPU.ActiveCfg = Debug|Any CPU
		{D740260E-9777-4348-9BBC-D852B96BE11A}.Debug|Any CPU.Build.0 = Debug|Any CPU
		{D740260E-9777-4348-9BBC-D852B96BE11A}.Release|Any CPU.ActiveCfg = Release|Any CPU
		{D740260E-9777-4348-9BBC-D852B96BE11A}.Release|Any CPU.Build.0 = Release|Any CPU
	EndGlobalSection
	GlobalSection(SolutionProperties) = preSolution
		HideSolutionNode = FALSE
	EndGlobalSection
	GlobalSection(ExtensibilityGlobals) = postSolution
		SolutionGuid = {04686FE2-439F-4452-9E28-945BB93C8A0B}
	EndGlobalSection
EndGlobal
